
Microsoft Visual Studio Solution File, Format Version 12.00
# Visual Studio Version 17
VisualStudioVersion = 17.8.34525.116
MinimumVisualStudioVersion = 10.0.40219.1
Project("{FAE04EC0-301F-11D3-BF4B-00C04F79EFBC}") = "03_User_Input", "03_User_Input\03_User_Input.csproj", "{E2E0F572-1F3B-403A-9E64-9545B87E5BD8}"
EndProject
Global
	GlobalSection(SolutionConfigurationPlatforms) = preSolution
		Debug|Any CPU = Debug|Any CPU
		Release|Any CPU = Release|Any CPU
	EndGlobalSection
	GlobalSection(ProjectConfigurationPlatforms) = postSolution
		{E2E0F572-1F3B-403A-9E64-9545B87E5BD8}.Debug|Any CPU.ActiveCfg = Debug|Any CPU
		{E2E0F572-1F3B-403A-9E64-9545B87E5BD8}.Debug|Any CPU.Build.0 = Debug|Any CPU
		{E2E0F572-1F3B-403A-9E64-9545B87E5BD8}.Release|Any CPU.ActiveCfg = Release|Any CPU
		{E2E0F572-1F3B-403A-9E64-9545B87E5BD8}.Release|Any CPU.Build.0 = Release|Any CPU
	EndGlobalSection
	GlobalSection(SolutionProperties) = preSolution
		HideSolutionNode = FALSE
	EndGlobalSection
	GlobalSection(ExtensibilityGlobals) = postSolution
		SolutionGuid = {24AE1E25-5D5B-4876-B6D8-D419EB5749CA}
	EndGlobalSection
EndGlobal
