
Microsoft Visual Studio Solution File, Format Version 12.00
# Visual Studio Version 17
VisualStudioVersion = 17.14.36310.24 d17.14
MinimumVisualStudioVersion = 10.0.40219.1
Project("{FAE04EC0-301F-11D3-BF4B-00C04F79EFBC}") = "21_Understand_Access_modifiers", "21_Understand_Access_modifiers\21_Understand_Access_modifiers.csproj", "{D5BB519D-8ADA-4F32-B27A-EE3D4CBF3512}"
EndProject
Project("{FAE04EC0-301F-11D3-BF4B-00C04F79EFBC}") = "21.1_Understand_Access_Modifiers_2", "21.1_Understand_Access_Modifiers_2\21.1_Understand_Access_Modifiers_2.csproj", "{25479E31-47D1-4C23-BB00-4E8257229289}"
EndProject
Global
	GlobalSection(SolutionConfigurationPlatforms) = preSolution
		Debug|Any CPU = Debug|Any CPU
		Release|Any CPU = Release|Any CPU
	EndGlobalSection
	GlobalSection(ProjectConfigurationPlatforms) = postSolution
		{D5BB519D-8ADA-4F32-B27A-EE3D4CBF3512}.Debug|Any CPU.ActiveCfg = Debug|Any CPU
		{D5BB519D-8ADA-4F32-B27A-EE3D4CBF3512}.Debug|Any CPU.Build.0 = Debug|Any CPU
		{D5BB519D-8ADA-4F32-B27A-EE3D4CBF3512}.Release|Any CPU.ActiveCfg = Release|Any CPU
		{D5BB519D-8ADA-4F32-B27A-EE3D4CBF3512}.Release|Any CPU.Build.0 = Release|Any CPU
		{25479E31-47D1-4C23-BB00-4E8257229289}.Debug|Any CPU.ActiveCfg = Debug|Any CPU
		{25479E31-47D1-4C23-BB00-4E8257229289}.Debug|Any CPU.Build.0 = Debug|Any CPU
		{25479E31-47D1-4C23-BB00-4E8257229289}.Release|Any CPU.ActiveCfg = Release|Any CPU
		{25479E31-47D1-4C23-BB00-4E8257229289}.Release|Any CPU.Build.0 = Release|Any CPU
	EndGlobalSection
	GlobalSection(SolutionProperties) = preSolution
		HideSolutionNode = FALSE
	EndGlobalSection
	GlobalSection(ExtensibilityGlobals) = postSolution
		SolutionGuid = {35DDAE07-ADE1-40BE-99AD-5A3C2F4FF9F3}
	EndGlobalSection
EndGlobal
