
Microsoft Visual Studio Solution File, Format Version 12.00
# Visual Studio Version 17
VisualStudioVersion = 17.14.36310.24 d17.14
MinimumVisualStudioVersion = 10.0.40219.1
Project("{FAE04EC0-301F-11D3-BF4B-00C04F79EFBC}") = "15_Methods", "15_Methods\15_Methods.csproj", "{EA0B74EA-1557-45F4-84A3-6A33F5603418}"
EndProject
Global
	GlobalSection(SolutionConfigurationPlatforms) = preSolution
		Debug|Any CPU = Debug|Any CPU
		Release|Any CPU = Release|Any CPU
	EndGlobalSection
	GlobalSection(ProjectConfigurationPlatforms) = postSolution
		{EA0B74EA-1557-45F4-84A3-6A33F5603418}.Debug|Any CPU.ActiveCfg = Debug|Any CPU
		{EA0B74EA-1557-45F4-84A3-6A33F5603418}.Debug|Any CPU.Build.0 = Debug|Any CPU
		{EA0B74EA-1557-45F4-84A3-6A33F5603418}.Release|Any CPU.ActiveCfg = Release|Any CPU
		{EA0B74EA-1557-45F4-84A3-6A33F5603418}.Release|Any CPU.Build.0 = Release|Any CPU
	EndGlobalSection
	GlobalSection(SolutionProperties) = preSolution
		HideSolutionNode = FALSE
	EndGlobalSection
	GlobalSection(ExtensibilityGlobals) = postSolution
		SolutionGuid = {4DE165C1-D850-4C56-92A8-A3F9E1B03C11}
	EndGlobalSection
EndGlobal
