
Microsoft Visual Studio Solution File, Format Version 12.00
# Visual Studio Version 17
VisualStudioVersion = 17.14.36310.24 d17.14
MinimumVisualStudioVersion = 10.0.40219.1
Project("{FAE04EC0-301F-11D3-BF4B-00C04F79EFBC}") = "19_Constructor", "19_Constructor\19_Constructor.csproj", "{A89CF0B0-141B-4A09-BDDA-BB04049A82EE}"
EndProject
Global
	GlobalSection(SolutionConfigurationPlatforms) = preSolution
		Debug|Any CPU = Debug|Any CPU
		Release|Any CPU = Release|Any CPU
	EndGlobalSection
	GlobalSection(ProjectConfigurationPlatforms) = postSolution
		{A89CF0B0-141B-4A09-BDDA-BB04049A82EE}.Debug|Any CPU.ActiveCfg = Debug|Any CPU
		{A89CF0B0-141B-4A09-BDDA-BB04049A82EE}.Debug|Any CPU.Build.0 = Debug|Any CPU
		{A89CF0B0-141B-4A09-BDDA-BB04049A82EE}.Release|Any CPU.ActiveCfg = Release|Any CPU
		{A89CF0B0-141B-4A09-BDDA-BB04049A82EE}.Release|Any CPU.Build.0 = Release|Any CPU
	EndGlobalSection
	GlobalSection(SolutionProperties) = preSolution
		HideSolutionNode = FALSE
	EndGlobalSection
	GlobalSection(ExtensibilityGlobals) = postSolution
		SolutionGuid = {57F92EAA-BD23-4A81-B3BF-48455FF1CE34}
	EndGlobalSection
EndGlobal
