
Microsoft Visual Studio Solution File, Format Version 12.00
# Visual Studio Version 17
VisualStudioVersion = 17.14.36310.24 d17.14
MinimumVisualStudioVersion = 10.0.40219.1
Project("{FAE04EC0-301F-11D3-BF4B-00C04F79EFBC}") = "13_Array", "13_Array\13_Array.csproj", "{C602390D-403C-4DEC-ADD5-FC85F458411E}"
EndProject
Global
	GlobalSection(SolutionConfigurationPlatforms) = preSolution
		Debug|Any CPU = Debug|Any CPU
		Release|Any CPU = Release|Any CPU
	EndGlobalSection
	GlobalSection(ProjectConfigurationPlatforms) = postSolution
		{C602390D-403C-4DEC-ADD5-FC85F458411E}.Debug|Any CPU.ActiveCfg = Debug|Any CPU
		{C602390D-403C-4DEC-ADD5-FC85F458411E}.Debug|Any CPU.Build.0 = Debug|Any CPU
		{C602390D-403C-4DEC-ADD5-FC85F458411E}.Release|Any CPU.ActiveCfg = Release|Any CPU
		{C602390D-403C-4DEC-ADD5-FC85F458411E}.Release|Any CPU.Build.0 = Release|Any CPU
	EndGlobalSection
	GlobalSection(SolutionProperties) = preSolution
		HideSolutionNode = FALSE
	EndGlobalSection
	GlobalSection(ExtensibilityGlobals) = postSolution
		SolutionGuid = {DE19DBEA-2D43-4328-9D21-548C3363502C}
	EndGlobalSection
EndGlobal
