
Microsoft Visual Studio Solution File, Format Version 12.00
# Visual Studio Version 17
VisualStudioVersion = 17.14.36310.24 d17.14
MinimumVisualStudioVersion = 10.0.40219.1
Project("{FAE04EC0-301F-11D3-BF4B-00C04F79EFBC}") = "28_Exception_Handling", "28_Exception_Handling\28_Exception_Handling.csproj", "{909A6220-E7B1-44B7-BF67-6125A5A2616C}"
EndProject
Global
	GlobalSection(SolutionConfigurationPlatforms) = preSolution
		Debug|Any CPU = Debug|Any CPU
		Release|Any CPU = Release|Any CPU
	EndGlobalSection
	GlobalSection(ProjectConfigurationPlatforms) = postSolution
		{909A6220-E7B1-44B7-BF67-6125A5A2616C}.Debug|Any CPU.ActiveCfg = Debug|Any CPU
		{909A6220-E7B1-44B7-BF67-6125A5A2616C}.Debug|Any CPU.Build.0 = Debug|Any CPU
		{909A6220-E7B1-44B7-BF67-6125A5A2616C}.Release|Any CPU.ActiveCfg = Release|Any CPU
		{909A6220-E7B1-44B7-BF67-6125A5A2616C}.Release|Any CPU.Build.0 = Release|Any CPU
	EndGlobalSection
	GlobalSection(SolutionProperties) = preSolution
		HideSolutionNode = FALSE
	EndGlobalSection
	GlobalSection(ExtensibilityGlobals) = postSolution
		SolutionGuid = {D7F36C98-DF27-43EA-9F0E-5B4C4FA0E7C8}
	EndGlobalSection
EndGlobal
